
Microsoft Visual Studio Solution File, Format Version 10.00
# Visual C++ Express 2008
Project("{8BC9CEB8-8B4A-11D0-8D11-00A0C91BC942}") = "login_server", "login_server.vcproj", "{4BD47319-9CFD-425B-A18C-FFFA7CA1DCFF}"
EndProject
Global
	GlobalSection(SolutionConfigurationPlatforms) = preSolution
		Debug|Win32 = Debug|Win32
		Release|Win32 = Release|Win32
	EndGlobalSection
	GlobalSection(ProjectConfigurationPlatforms) = postSolution
		{4BD47319-9CFD-425B-A18C-FFFA7CA1DCFF}.Debug|Win32.ActiveCfg = Debug|Win32
		{4BD47319-9CFD-425B-A18C-FFFA7CA1DCFF}.Debug|Win32.Build.0 = Debug|Win32
		{4BD47319-9CFD-425B-A18C-FFFA7CA1DCFF}.Release|Win32.ActiveCfg = Release|Win32
		{4BD47319-9CFD-425B-A18C-FFFA7CA1DCFF}.Release|Win32.Build.0 = Release|Win32
	EndGlobalSection
	GlobalSection(SolutionProperties) = preSolution
		HideSolutionNode = FALSE
	EndGlobalSection
EndGlobal
