
Microsoft Visual Studio Solution File, Format Version 10.00
# Visual C++ Express 2008
Project("{8BC9CEB8-8B4A-11D0-8D11-00A0C91BC942}") = "md5", "md5.vcproj", "{88C59BE5-B96D-4476-AA01-A5BA7C8DC2E9}"
EndProject
Global
	GlobalSection(SolutionConfigurationPlatforms) = preSolution
		Debug|Win32 = Debug|Win32
		Release|Win32 = Release|Win32
	EndGlobalSection
	GlobalSection(ProjectConfigurationPlatforms) = postSolution
		{88C59BE5-B96D-4476-AA01-A5BA7C8DC2E9}.Debug|Win32.ActiveCfg = Debug|Win32
		{88C59BE5-B96D-4476-AA01-A5BA7C8DC2E9}.Debug|Win32.Build.0 = Debug|Win32
		{88C59BE5-B96D-4476-AA01-A5BA7C8DC2E9}.Release|Win32.ActiveCfg = Release|Win32
		{88C59BE5-B96D-4476-AA01-A5BA7C8DC2E9}.Release|Win32.Build.0 = Release|Win32
	EndGlobalSection
	GlobalSection(SolutionProperties) = preSolution
		HideSolutionNode = FALSE
	EndGlobalSection
EndGlobal
