
Microsoft Visual Studio Solution File, Format Version 10.00
# Visual C++ Express 2008
Project("{8BC9CEB8-8B4A-11D0-8D11-00A0C91BC942}") = "convert_unitxt", "convert_unitxt.vcproj", "{BCEDA7AB-12C6-49B0-AB17-5BB5AD1BBBA0}"
EndProject
Global
	GlobalSection(SolutionConfigurationPlatforms) = preSolution
		Debug|Win32 = Debug|Win32
		Release|Win32 = Release|Win32
	EndGlobalSection
	GlobalSection(ProjectConfigurationPlatforms) = postSolution
		{BCEDA7AB-12C6-49B0-AB17-5BB5AD1BBBA0}.Debug|Win32.ActiveCfg = Debug|Win32
		{BCEDA7AB-12C6-49B0-AB17-5BB5AD1BBBA0}.Debug|Win32.Build.0 = Debug|Win32
		{BCEDA7AB-12C6-49B0-AB17-5BB5AD1BBBA0}.Release|Win32.ActiveCfg = Release|Win32
		{BCEDA7AB-12C6-49B0-AB17-5BB5AD1BBBA0}.Release|Win32.Build.0 = Release|Win32
	EndGlobalSection
	GlobalSection(SolutionProperties) = preSolution
		HideSolutionNode = FALSE
	EndGlobalSection
EndGlobal
