
Microsoft Visual Studio Solution File, Format Version 10.00
# Visual C++ Express 2008
Project("{8BC9CEB8-8B4A-11D0-8D11-00A0C91BC942}") = "char_export", "char_export.vcproj", "{F46BCE71-3F95-42F3-A667-5234D8567EAC}"
EndProject
Global
	GlobalSection(SolutionConfigurationPlatforms) = preSolution
		Debug|Win32 = Debug|Win32
		Release|Win32 = Release|Win32
	EndGlobalSection
	GlobalSection(ProjectConfigurationPlatforms) = postSolution
		{F46BCE71-3F95-42F3-A667-5234D8567EAC}.Debug|Win32.ActiveCfg = Debug|Win32
		{F46BCE71-3F95-42F3-A667-5234D8567EAC}.Debug|Win32.Build.0 = Debug|Win32
		{F46BCE71-3F95-42F3-A667-5234D8567EAC}.Release|Win32.ActiveCfg = Release|Win32
		{F46BCE71-3F95-42F3-A667-5234D8567EAC}.Release|Win32.Build.0 = Release|Win32
	EndGlobalSection
	GlobalSection(SolutionProperties) = preSolution
		HideSolutionNode = FALSE
	EndGlobalSection
EndGlobal
