
Microsoft Visual Studio Solution File, Format Version 10.00
# Visual C++ Express 2008
Project("{8BC9CEB8-8B4A-11D0-8D11-00A0C91BC942}") = "make_key", "make_key.vcproj", "{93B5A5B6-FE4B-46F2-BF9B-984497B50009}"
EndProject
Global
	GlobalSection(SolutionConfigurationPlatforms) = preSolution
		Debug|Win32 = Debug|Win32
		Release|Win32 = Release|Win32
	EndGlobalSection
	GlobalSection(ProjectConfigurationPlatforms) = postSolution
		{93B5A5B6-FE4B-46F2-BF9B-984497B50009}.Debug|Win32.ActiveCfg = Debug|Win32
		{93B5A5B6-FE4B-46F2-BF9B-984497B50009}.Debug|Win32.Build.0 = Debug|Win32
		{93B5A5B6-FE4B-46F2-BF9B-984497B50009}.Release|Win32.ActiveCfg = Release|Win32
		{93B5A5B6-FE4B-46F2-BF9B-984497B50009}.Release|Win32.Build.0 = Release|Win32
	EndGlobalSection
	GlobalSection(SolutionProperties) = preSolution
		HideSolutionNode = FALSE
	EndGlobalSection
EndGlobal
